// !$*UTF8*$!
{
	archiveVersion = 1;
	classes = {
	};
	objectVersion = 56;
	objects = {

/* Begin PBXBuildFile section */
		E81197B3295F945100B90D1C /* DataStoreFunctions.swift in Sources */ = {isa = PBXBuildFile; fileRef = E81197B2295F945100B90D1C /* DataStoreFunctions.swift */; };
		E81197CC295FFEF600B90D1C /* MainView.swift in Sources */ = {isa = PBXBuildFile; fileRef = E81197CB295FFEF600B90D1C /* MainView.swift */; };
		E81197CE29601B2900B90D1C /* DisplayCards.swift in Sources */ = {isa = PBXBuildFile; fileRef = E81197CD29601B2900B90D1C /* DisplayCards.swift */; };
		E812D0FC2966E5D50033BB23 /* AddToList.swift in Sources */ = {isa = PBXBuildFile; fileRef = E812D0FB2966E5D50033BB23 /* AddToList.swift */; };
		E812D0FE2966E6170033BB23 /* AddToFriends.swift in Sources */ = {isa = PBXBuildFile; fileRef = E812D0FD2966E6170033BB23 /* AddToFriends.swift */; };
		E812D1002966E65D0033BB23 /* AddToGroups.swift in Sources */ = {isa = PBXBuildFile; fileRef = E812D0FF2966E65D0033BB23 /* AddToGroups.swift */; };
		E812D1022966E6970033BB23 /* CreateNewGroup.swift in Sources */ = {isa = PBXBuildFile; fileRef = E812D1012966E6970033BB23 /* CreateNewGroup.swift */; };
		E8161AB3297FA83500E94D04 /* FriendDisplayCards.swift in Sources */ = {isa = PBXBuildFile; fileRef = E8161AB2297FA83500E94D04 /* FriendDisplayCards.swift */; };
		E8161AB5297FA89000E94D04 /* GroupDisplayCards.swift in Sources */ = {isa = PBXBuildFile; fileRef = E8161AB4297FA89000E94D04 /* GroupDisplayCards.swift */; };
		E8161AB7297FFADC00E94D04 /* SettingsView.swift in Sources */ = {isa = PBXBuildFile; fileRef = E8161AB6297FFADC00E94D04 /* SettingsView.swift */; };
		E835DE282963F58B00FD36C4 /* ListItem.swift in Sources */ = {isa = PBXBuildFile; fileRef = E835DE1D2963F58B00FD36C4 /* ListItem.swift */; };
		E835DE292963F58B00FD36C4 /* AmplifyModels.swift in Sources */ = {isa = PBXBuildFile; fileRef = E835DE1E2963F58B00FD36C4 /* AmplifyModels.swift */; };
		E835DE2A2963F58B00FD36C4 /* UserList+Schema.swift in Sources */ = {isa = PBXBuildFile; fileRef = E835DE1F2963F58B00FD36C4 /* UserList+Schema.swift */; };
		E835DE2B2963F58B00FD36C4 /* ListItem+Schema.swift in Sources */ = {isa = PBXBuildFile; fileRef = E835DE202963F58B00FD36C4 /* ListItem+Schema.swift */; };
		E835DE2C2963F58B00FD36C4 /* UserProfile.swift in Sources */ = {isa = PBXBuildFile; fileRef = E835DE212963F58B00FD36C4 /* UserProfile.swift */; };
		E835DE2D2963F58B00FD36C4 /* UserProfile+Schema.swift in Sources */ = {isa = PBXBuildFile; fileRef = E835DE222963F58B00FD36C4 /* UserProfile+Schema.swift */; };
		E835DE2E2963F58B00FD36C4 /* Reservations+Schema.swift in Sources */ = {isa = PBXBuildFile; fileRef = E835DE232963F58B00FD36C4 /* Reservations+Schema.swift */; };
		E835DE2F2963F58B00FD36C4 /* Reservations.swift in Sources */ = {isa = PBXBuildFile; fileRef = E835DE242963F58B00FD36C4 /* Reservations.swift */; };
		E835DE302963F58B00FD36C4 /* Group.swift in Sources */ = {isa = PBXBuildFile; fileRef = E835DE252963F58B00FD36C4 /* Group.swift */; };
		E835DE312963F58B00FD36C4 /* Group+Schema.swift in Sources */ = {isa = PBXBuildFile; fileRef = E835DE262963F58B00FD36C4 /* Group+Schema.swift */; };
		E835DE322963F58B00FD36C4 /* UserList.swift in Sources */ = {isa = PBXBuildFile; fileRef = E835DE272963F58B00FD36C4 /* UserList.swift */; };
		E835DE4D29651F3E00FD36C4 /* ShareViewController.swift in Sources */ = {isa = PBXBuildFile; fileRef = E835DE4C29651F3E00FD36C4 /* ShareViewController.swift */; };
		E835DE5029651F3E00FD36C4 /* MainInterface.storyboard in Resources */ = {isa = PBXBuildFile; fileRef = E835DE4E29651F3E00FD36C4 /* MainInterface.storyboard */; };
		E835DE5429651F3E00FD36C4 /* Gifted-ShareExtension.appex in Embed Foundation Extensions */ = {isa = PBXBuildFile; fileRef = E835DE4A29651F3E00FD36C4 /* Gifted-ShareExtension.appex */; settings = {ATTRIBUTES = (RemoveHeadersOnCopy, ); }; };
		E84B6DD4295584460030DD6B /* ItemSearchView.swift in Sources */ = {isa = PBXBuildFile; fileRef = E84B6DD3295584460030DD6B /* ItemSearchView.swift */; };
		E86D65F62984DF2C004F58E4 /* FriendsDetailsView.swift in Sources */ = {isa = PBXBuildFile; fileRef = E86D65F52984DF2C004F58E4 /* FriendsDetailsView.swift */; };
		E87BE3E4293B5C2A007DC233 /* SessionManager.swift in Sources */ = {isa = PBXBuildFile; fileRef = E87BE3E3293B5C2A007DC233 /* SessionManager.swift */; };
		E894FF9A293C165200095DD2 /* SignUpView.swift in Sources */ = {isa = PBXBuildFile; fileRef = E894FF99293C165200095DD2 /* SignUpView.swift */; };
		E894FF9C293C16FA00095DD2 /* ConfirmationView.swift in Sources */ = {isa = PBXBuildFile; fileRef = E894FF9B293C16FA00095DD2 /* ConfirmationView.swift */; };
		E894FFB1293C75DD00095DD2 /* ListView.swift in Sources */ = {isa = PBXBuildFile; fileRef = E894FFB0293C75DD00095DD2 /* ListView.swift */; };
		E8957C592940095C00058AC2 /* AllStructureModifierExtensions.swift in Sources */ = {isa = PBXBuildFile; fileRef = E8957C582940095C00058AC2 /* AllStructureModifierExtensions.swift */; };
		E8A3FEFC2987C68900429532 /* FriendListView.swift in Sources */ = {isa = PBXBuildFile; fileRef = E8A3FEFB2987C68900429532 /* FriendListView.swift */; };
		E8AA1E8529870C1E00555B45 /* ChangeNameView.swift in Sources */ = {isa = PBXBuildFile; fileRef = E8AA1E8429870C1E00555B45 /* ChangeNameView.swift */; };
		E8AA1E8729870C3000555B45 /* ChangePasswordView.swift in Sources */ = {isa = PBXBuildFile; fileRef = E8AA1E8629870C3000555B45 /* ChangePasswordView.swift */; };
		E8AA1E8929870C4600555B45 /* DeleteProfileView.swift in Sources */ = {isa = PBXBuildFile; fileRef = E8AA1E8829870C4600555B45 /* DeleteProfileView.swift */; };
		E8B238E7294C83FB0045136B /* MenuViewController.swift in Sources */ = {isa = PBXBuildFile; fileRef = E8B238E6294C83FB0045136B /* MenuViewController.swift */; };
		E8BC30C129679CEA000D35AD /* SocialView.swift in Sources */ = {isa = PBXBuildFile; fileRef = E8BC30C029679CEA000D35AD /* SocialView.swift */; };
		E8CF112D29597F5F0055422F /* AWSAPIPlugin in Frameworks */ = {isa = PBXBuildFile; productRef = E8CF112C29597F5F0055422F /* AWSAPIPlugin */; };
		E8CF112F29597F5F0055422F /* AWSCognitoAuthPlugin in Frameworks */ = {isa = PBXBuildFile; productRef = E8CF112E29597F5F0055422F /* AWSCognitoAuthPlugin */; };
		E8CF113129597F5F0055422F /* AWSDataStorePlugin in Frameworks */ = {isa = PBXBuildFile; productRef = E8CF113029597F5F0055422F /* AWSDataStorePlugin */; };
		E8CF113329597F5F0055422F /* AWSLocationGeoPlugin in Frameworks */ = {isa = PBXBuildFile; productRef = E8CF113229597F5F0055422F /* AWSLocationGeoPlugin */; };
		E8CF113529597F5F0055422F /* AWSPinpointAnalyticsPlugin in Frameworks */ = {isa = PBXBuildFile; productRef = E8CF113429597F5F0055422F /* AWSPinpointAnalyticsPlugin */; };
		E8CF113729597F5F0055422F /* AWSPluginsCore in Frameworks */ = {isa = PBXBuildFile; productRef = E8CF113629597F5F0055422F /* AWSPluginsCore */; };
		E8CF113929597F5F0055422F /* AWSS3StoragePlugin in Frameworks */ = {isa = PBXBuildFile; productRef = E8CF113829597F5F0055422F /* AWSS3StoragePlugin */; };
		E8CF113B29597F5F0055422F /* Amplify in Frameworks */ = {isa = PBXBuildFile; productRef = E8CF113A29597F5F0055422F /* Amplify */; };
		E8F1602829455FF100FDD251 /* GroupDetailsView.swift in Sources */ = {isa = PBXBuildFile; fileRef = E8F1602729455FF100FDD251 /* GroupDetailsView.swift */; };
		E8F91B47293AF173003E23B5 /* GiftedApp.swift in Sources */ = {isa = PBXBuildFile; fileRef = E8F91B46293AF173003E23B5 /* GiftedApp.swift */; };
		E8F91B49293AF173003E23B5 /* ContentView.swift in Sources */ = {isa = PBXBuildFile; fileRef = E8F91B48293AF173003E23B5 /* ContentView.swift */; };
		E8F91B4B293AF177003E23B5 /* Assets.xcassets in Resources */ = {isa = PBXBuildFile; fileRef = E8F91B4A293AF177003E23B5 /* Assets.xcassets */; };
		E8F91B4E293AF177003E23B5 /* Preview Assets.xcassets in Resources */ = {isa = PBXBuildFile; fileRef = E8F91B4D293AF177003E23B5 /* Preview Assets.xcassets */; };
		E8F91B55293AF20D003E23B5 /* ItemDetailsView.swift in Sources */ = {isa = PBXBuildFile; fileRef = E8F91B54293AF20D003E23B5 /* ItemDetailsView.swift */; };
		E8F91B57293AF234003E23B5 /* LoginView.swift in Sources */ = {isa = PBXBuildFile; fileRef = E8F91B56293AF234003E23B5 /* LoginView.swift */; };
		E8F91B59293AF264003E23B5 /* FriendsView.swift in Sources */ = {isa = PBXBuildFile; fileRef = E8F91B58293AF264003E23B5 /* FriendsView.swift */; };
		E8F91B67293B124C003E23B5 /* awsconfiguration.json in Resources */ = {isa = PBXBuildFile; fileRef = E8F91B65293B124A003E23B5 /* awsconfiguration.json */; };
		E8F91B68293B124C003E23B5 /* amplifyconfiguration.json in Resources */ = {isa = PBXBuildFile; fileRef = E8F91B66293B124B003E23B5 /* amplifyconfiguration.json */; };
		E8FC8934293CB62400645630 /* GroupsView.swift in Sources */ = {isa = PBXBuildFile; fileRef = E8FC8933293CB62400645630 /* GroupsView.swift */; };
/* End PBXBuildFile section */

/* Begin PBXContainerItemProxy section */
		E835DE5229651F3E00FD36C4 /* PBXContainerItemProxy */ = {
			isa = PBXContainerItemProxy;
			containerPortal = E8F91B3B293AF173003E23B5 /* Project object */;
			proxyType = 1;
			remoteGlobalIDString = E835DE4929651F3E00FD36C4;
			remoteInfo = "Gifted-ShareExtension";
		};
/* End PBXContainerItemProxy section */

/* Begin PBXCopyFilesBuildPhase section */
		E835DE4529651D8E00FD36C4 /* Embed Foundation Extensions */ = {
			isa = PBXCopyFilesBuildPhase;
			buildActionMask = 2147483647;
			dstPath = "";
			dstSubfolderSpec = 13;
			files = (
				E835DE5429651F3E00FD36C4 /* Gifted-ShareExtension.appex in Embed Foundation Extensions */,
			);
			name = "Embed Foundation Extensions";
			runOnlyForDeploymentPostprocessing = 0;
		};
/* End PBXCopyFilesBuildPhase section */

/* Begin PBXFileReference section */
		E80372F92966464900F2A54B /* Gifted-ShareExtension.entitlements */ = {isa = PBXFileReference; lastKnownFileType = text.plist.entitlements; path = "Gifted-ShareExtension.entitlements"; sourceTree = "<group>"; };
		E81197B2295F945100B90D1C /* DataStoreFunctions.swift */ = {isa = PBXFileReference; lastKnownFileType = sourcecode.swift; path = DataStoreFunctions.swift; sourceTree = "<group>"; };
		E81197CB295FFEF600B90D1C /* MainView.swift */ = {isa = PBXFileReference; lastKnownFileType = sourcecode.swift; path = MainView.swift; sourceTree = "<group>"; };
		E81197CD29601B2900B90D1C /* DisplayCards.swift */ = {isa = PBXFileReference; lastKnownFileType = sourcecode.swift; path = DisplayCards.swift; sourceTree = "<group>"; };
		E812D0FB2966E5D50033BB23 /* AddToList.swift */ = {isa = PBXFileReference; lastKnownFileType = sourcecode.swift; path = AddToList.swift; sourceTree = "<group>"; };
		E812D0FD2966E6170033BB23 /* AddToFriends.swift */ = {isa = PBXFileReference; lastKnownFileType = sourcecode.swift; path = AddToFriends.swift; sourceTree = "<group>"; };
		E812D0FF2966E65D0033BB23 /* AddToGroups.swift */ = {isa = PBXFileReference; lastKnownFileType = sourcecode.swift; path = AddToGroups.swift; sourceTree = "<group>"; };
		E812D1012966E6970033BB23 /* CreateNewGroup.swift */ = {isa = PBXFileReference; lastKnownFileType = sourcecode.swift; path = CreateNewGroup.swift; sourceTree = "<group>"; };
		E8161AB2297FA83500E94D04 /* FriendDisplayCards.swift */ = {isa = PBXFileReference; lastKnownFileType = sourcecode.swift; path = FriendDisplayCards.swift; sourceTree = "<group>"; };
		E8161AB4297FA89000E94D04 /* GroupDisplayCards.swift */ = {isa = PBXFileReference; lastKnownFileType = sourcecode.swift; path = GroupDisplayCards.swift; sourceTree = "<group>"; };
		E8161AB6297FFADC00E94D04 /* SettingsView.swift */ = {isa = PBXFileReference; lastKnownFileType = sourcecode.swift; path = SettingsView.swift; sourceTree = "<group>"; };
		E835DE1D2963F58B00FD36C4 /* ListItem.swift */ = {isa = PBXFileReference; fileEncoding = 4; lastKnownFileType = sourcecode.swift; path = ListItem.swift; sourceTree = "<group>"; };
		E835DE1E2963F58B00FD36C4 /* AmplifyModels.swift */ = {isa = PBXFileReference; fileEncoding = 4; lastKnownFileType = sourcecode.swift; path = AmplifyModels.swift; sourceTree = "<group>"; };
		E835DE1F2963F58B00FD36C4 /* UserList+Schema.swift */ = {isa = PBXFileReference; fileEncoding = 4; lastKnownFileType = sourcecode.swift; path = "UserList+Schema.swift"; sourceTree = "<group>"; };
		E835DE202963F58B00FD36C4 /* ListItem+Schema.swift */ = {isa = PBXFileReference; fileEncoding = 4; lastKnownFileType = sourcecode.swift; path = "ListItem+Schema.swift"; sourceTree = "<group>"; };
		E835DE212963F58B00FD36C4 /* UserProfile.swift */ = {isa = PBXFileReference; fileEncoding = 4; lastKnownFileType = sourcecode.swift; path = UserProfile.swift; sourceTree = "<group>"; };
		E835DE222963F58B00FD36C4 /* UserProfile+Schema.swift */ = {isa = PBXFileReference; fileEncoding = 4; lastKnownFileType = sourcecode.swift; path = "UserProfile+Schema.swift"; sourceTree = "<group>"; };
		E835DE232963F58B00FD36C4 /* Reservations+Schema.swift */ = {isa = PBXFileReference; fileEncoding = 4; lastKnownFileType = sourcecode.swift; path = "Reservations+Schema.swift"; sourceTree = "<group>"; };
		E835DE242963F58B00FD36C4 /* Reservations.swift */ = {isa = PBXFileReference; fileEncoding = 4; lastKnownFileType = sourcecode.swift; path = Reservations.swift; sourceTree = "<group>"; };
		E835DE252963F58B00FD36C4 /* Group.swift */ = {isa = PBXFileReference; fileEncoding = 4; lastKnownFileType = sourcecode.swift; path = Group.swift; sourceTree = "<group>"; };
		E835DE262963F58B00FD36C4 /* Group+Schema.swift */ = {isa = PBXFileReference; fileEncoding = 4; lastKnownFileType = sourcecode.swift; path = "Group+Schema.swift"; sourceTree = "<group>"; };
		E835DE272963F58B00FD36C4 /* UserList.swift */ = {isa = PBXFileReference; fileEncoding = 4; lastKnownFileType = sourcecode.swift; path = UserList.swift; sourceTree = "<group>"; };
		E835DE4A29651F3E00FD36C4 /* Gifted-ShareExtension.appex */ = {isa = PBXFileReference; explicitFileType = "wrapper.app-extension"; includeInIndex = 0; path = "Gifted-ShareExtension.appex"; sourceTree = BUILT_PRODUCTS_DIR; };
		E835DE4C29651F3E00FD36C4 /* ShareViewController.swift */ = {isa = PBXFileReference; lastKnownFileType = sourcecode.swift; path = ShareViewController.swift; sourceTree = "<group>"; };
		E835DE4F29651F3E00FD36C4 /* Base */ = {isa = PBXFileReference; lastKnownFileType = file.storyboard; name = Base; path = Base.lproj/MainInterface.storyboard; sourceTree = "<group>"; };
		E835DE5129651F3E00FD36C4 /* Info.plist */ = {isa = PBXFileReference; lastKnownFileType = text.plist.xml; path = Info.plist; sourceTree = "<group>"; };
		E84B6DD3295584460030DD6B /* ItemSearchView.swift */ = {isa = PBXFileReference; lastKnownFileType = sourcecode.swift; path = ItemSearchView.swift; sourceTree = "<group>"; };
		E86D65F52984DF2C004F58E4 /* FriendsDetailsView.swift */ = {isa = PBXFileReference; lastKnownFileType = sourcecode.swift; path = FriendsDetailsView.swift; sourceTree = "<group>"; };
		E87BE3E3293B5C2A007DC233 /* SessionManager.swift */ = {isa = PBXFileReference; lastKnownFileType = sourcecode.swift; path = SessionManager.swift; sourceTree = "<group>"; };
		E894FF99293C165200095DD2 /* SignUpView.swift */ = {isa = PBXFileReference; lastKnownFileType = sourcecode.swift; path = SignUpView.swift; sourceTree = "<group>"; };
		E894FF9B293C16FA00095DD2 /* ConfirmationView.swift */ = {isa = PBXFileReference; lastKnownFileType = sourcecode.swift; path = ConfirmationView.swift; sourceTree = "<group>"; };
		E894FFB0293C75DD00095DD2 /* ListView.swift */ = {isa = PBXFileReference; lastKnownFileType = sourcecode.swift; path = ListView.swift; sourceTree = "<group>"; };
		E8957C582940095C00058AC2 /* AllStructureModifierExtensions.swift */ = {isa = PBXFileReference; fileEncoding = 4; lastKnownFileType = sourcecode.swift; path = AllStructureModifierExtensions.swift; sourceTree = "<group>"; };
		E8A3FEFB2987C68900429532 /* FriendListView.swift */ = {isa = PBXFileReference; lastKnownFileType = sourcecode.swift; path = FriendListView.swift; sourceTree = "<group>"; };
		E8AA1E8429870C1E00555B45 /* ChangeNameView.swift */ = {isa = PBXFileReference; lastKnownFileType = sourcecode.swift; path = ChangeNameView.swift; sourceTree = "<group>"; };
		E8AA1E8629870C3000555B45 /* ChangePasswordView.swift */ = {isa = PBXFileReference; lastKnownFileType = sourcecode.swift; path = ChangePasswordView.swift; sourceTree = "<group>"; };
		E8AA1E8829870C4600555B45 /* DeleteProfileView.swift */ = {isa = PBXFileReference; lastKnownFileType = sourcecode.swift; path = DeleteProfileView.swift; sourceTree = "<group>"; };
		E8B238E6294C83FB0045136B /* MenuViewController.swift */ = {isa = PBXFileReference; lastKnownFileType = sourcecode.swift; name = MenuViewController.swift; path = "Gifted/View Controllers/MenuViewController.swift"; sourceTree = SOURCE_ROOT; };
		E8BC30C029679CEA000D35AD /* SocialView.swift */ = {isa = PBXFileReference; lastKnownFileType = sourcecode.swift; path = SocialView.swift; sourceTree = "<group>"; };
		E8F1602729455FF100FDD251 /* GroupDetailsView.swift */ = {isa = PBXFileReference; lastKnownFileType = sourcecode.swift; path = GroupDetailsView.swift; sourceTree = "<group>"; };
		E8F91B43293AF173003E23B5 /* Gifted.app */ = {isa = PBXFileReference; explicitFileType = wrapper.application; includeInIndex = 0; path = Gifted.app; sourceTree = BUILT_PRODUCTS_DIR; };
		E8F91B46293AF173003E23B5 /* GiftedApp.swift */ = {isa = PBXFileReference; lastKnownFileType = sourcecode.swift; path = GiftedApp.swift; sourceTree = "<group>"; };
		E8F91B48293AF173003E23B5 /* ContentView.swift */ = {isa = PBXFileReference; lastKnownFileType = sourcecode.swift; path = ContentView.swift; sourceTree = "<group>"; };
		E8F91B4A293AF177003E23B5 /* Assets.xcassets */ = {isa = PBXFileReference; lastKnownFileType = folder.assetcatalog; path = Assets.xcassets; sourceTree = "<group>"; };
		E8F91B4D293AF177003E23B5 /* Preview Assets.xcassets */ = {isa = PBXFileReference; lastKnownFileType = folder.assetcatalog; path = "Preview Assets.xcassets"; sourceTree = "<group>"; };
		E8F91B54293AF20D003E23B5 /* ItemDetailsView.swift */ = {isa = PBXFileReference; lastKnownFileType = sourcecode.swift; path = ItemDetailsView.swift; sourceTree = "<group>"; };
		E8F91B56293AF234003E23B5 /* LoginView.swift */ = {isa = PBXFileReference; lastKnownFileType = sourcecode.swift; path = LoginView.swift; sourceTree = "<group>"; };
		E8F91B58293AF264003E23B5 /* FriendsView.swift */ = {isa = PBXFileReference; lastKnownFileType = sourcecode.swift; path = FriendsView.swift; sourceTree = "<group>"; };
		E8F91B5A293AF9E8003E23B5 /* Info.plist */ = {isa = PBXFileReference; lastKnownFileType = text.plist; path = Info.plist; sourceTree = "<group>"; };
		E8F91B64293B1070003E23B5 /* Gifted.entitlements */ = {isa = PBXFileReference; lastKnownFileType = text.plist.entitlements; path = Gifted.entitlements; sourceTree = "<group>"; };
		E8F91B65293B124A003E23B5 /* awsconfiguration.json */ = {isa = PBXFileReference; fileEncoding = 4; lastKnownFileType = text.json; path = awsconfiguration.json; sourceTree = SOURCE_ROOT; };
		E8F91B66293B124B003E23B5 /* amplifyconfiguration.json */ = {isa = PBXFileReference; fileEncoding = 4; lastKnownFileType = text.json; path = amplifyconfiguration.json; sourceTree = SOURCE_ROOT; };
		E8FC8933293CB62400645630 /* GroupsView.swift */ = {isa = PBXFileReference; lastKnownFileType = sourcecode.swift; path = GroupsView.swift; sourceTree = "<group>"; };
/* End PBXFileReference section */

/* Begin PBXFrameworksBuildPhase section */
		E835DE4729651F3E00FD36C4 /* Frameworks */ = {
			isa = PBXFrameworksBuildPhase;
			buildActionMask = 2147483647;
			files = (
			);
			runOnlyForDeploymentPostprocessing = 0;
		};
		E8F91B40293AF173003E23B5 /* Frameworks */ = {
			isa = PBXFrameworksBuildPhase;
			buildActionMask = 2147483647;
			files = (
				E8CF113129597F5F0055422F /* AWSDataStorePlugin in Frameworks */,
				E8CF113B29597F5F0055422F /* Amplify in Frameworks */,
				E8CF112D29597F5F0055422F /* AWSAPIPlugin in Frameworks */,
				E8CF113729597F5F0055422F /* AWSPluginsCore in Frameworks */,
				E8CF113929597F5F0055422F /* AWSS3StoragePlugin in Frameworks */,
				E8CF113529597F5F0055422F /* AWSPinpointAnalyticsPlugin in Frameworks */,
				E8CF113329597F5F0055422F /* AWSLocationGeoPlugin in Frameworks */,
				E8CF112F29597F5F0055422F /* AWSCognitoAuthPlugin in Frameworks */,
			);
			runOnlyForDeploymentPostprocessing = 0;
		};
/* End PBXFrameworksBuildPhase section */

/* Begin PBXGroup section */
		E812D1042966E6CD0033BB23 /* List Related Views */ = {
			isa = PBXGroup;
			children = (
				E894FFB0293C75DD00095DD2 /* ListView.swift */,
				E812D0FB2966E5D50033BB23 /* AddToList.swift */,
				E84B6DD3295584460030DD6B /* ItemSearchView.swift */,
				E8F91B54293AF20D003E23B5 /* ItemDetailsView.swift */,
			);
			path = "List Related Views";
			sourceTree = "<group>";
		};
		E812D1052966E6F30033BB23 /* Onboarding Flow Views */ = {
			isa = PBXGroup;
			children = (
				E894FF99293C165200095DD2 /* SignUpView.swift */,
				E894FF9B293C16FA00095DD2 /* ConfirmationView.swift */,
				E8F91B56293AF234003E23B5 /* LoginView.swift */,
			);
			path = "Onboarding Flow Views";
			sourceTree = "<group>";
		};
		E812D1062966E70F0033BB23 /* Friends Related Views */ = {
			isa = PBXGroup;
			children = (
				E812D0FD2966E6170033BB23 /* AddToFriends.swift */,
				E8F91B58293AF264003E23B5 /* FriendsView.swift */,
				E86D65F52984DF2C004F58E4 /* FriendsDetailsView.swift */,
				E8A3FEFB2987C68900429532 /* FriendListView.swift */,
			);
			path = "Friends Related Views";
			sourceTree = "<group>";
		};
		E812D1072966E72E0033BB23 /* Group Related Views */ = {
			isa = PBXGroup;
			children = (
				E8FC8933293CB62400645630 /* GroupsView.swift */,
				E8F1602729455FF100FDD251 /* GroupDetailsView.swift */,
				E812D0FF2966E65D0033BB23 /* AddToGroups.swift */,
				E812D1012966E6970033BB23 /* CreateNewGroup.swift */,
			);
			path = "Group Related Views";
			sourceTree = "<group>";
		};
		E812D1082966E7C80033BB23 /* View Controllers */ = {
			isa = PBXGroup;
			children = (
				E8B238E6294C83FB0045136B /* MenuViewController.swift */,
				E87BE3E3293B5C2A007DC233 /* SessionManager.swift */,
			);
			path = "View Controllers";
			sourceTree = "<group>";
		};
		E8161AB1297FA45400E94D04 /* DisplayCards */ = {
			isa = PBXGroup;
			children = (
				E81197CD29601B2900B90D1C /* DisplayCards.swift */,
				E8161AB2297FA83500E94D04 /* FriendDisplayCards.swift */,
				E8161AB4297FA89000E94D04 /* GroupDisplayCards.swift */,
			);
			path = DisplayCards;
			sourceTree = "<group>";
		};
		E81723BB294BF6180022A09E /* Views */ = {
			isa = PBXGroup;
			children = (
				E812D1052966E6F30033BB23 /* Onboarding Flow Views */,
				E8F91B48293AF173003E23B5 /* ContentView.swift */,
				E81197CB295FFEF600B90D1C /* MainView.swift */,
				E8161AB1297FA45400E94D04 /* DisplayCards */,
				E812D1042966E6CD0033BB23 /* List Related Views */,
				E8BC30BF29679CAF000D35AD /* Social Views */,
				E8AA1E8329870BE000555B45 /* Settings Views */,
			);
			path = Views;
			sourceTree = "<group>";
		};
		E835DE1C2963F58B00FD36C4 /* models */ = {
			isa = PBXGroup;
			children = (
				E835DE1D2963F58B00FD36C4 /* ListItem.swift */,
				E835DE1E2963F58B00FD36C4 /* AmplifyModels.swift */,
				E835DE1F2963F58B00FD36C4 /* UserList+Schema.swift */,
				E835DE202963F58B00FD36C4 /* ListItem+Schema.swift */,
				E835DE212963F58B00FD36C4 /* UserProfile.swift */,
				E835DE222963F58B00FD36C4 /* UserProfile+Schema.swift */,
				E835DE232963F58B00FD36C4 /* Reservations+Schema.swift */,
				E835DE242963F58B00FD36C4 /* Reservations.swift */,
				E835DE252963F58B00FD36C4 /* Group.swift */,
				E835DE262963F58B00FD36C4 /* Group+Schema.swift */,
				E835DE272963F58B00FD36C4 /* UserList.swift */,
			);
			name = models;
			path = ../amplify/generated/models;
			sourceTree = "<group>";
		};
		E835DE4B29651F3E00FD36C4 /* Gifted-ShareExtension */ = {
			isa = PBXGroup;
			children = (
				E80372F92966464900F2A54B /* Gifted-ShareExtension.entitlements */,
				E835DE4C29651F3E00FD36C4 /* ShareViewController.swift */,
				E835DE4E29651F3E00FD36C4 /* MainInterface.storyboard */,
				E835DE5129651F3E00FD36C4 /* Info.plist */,
			);
			path = "Gifted-ShareExtension";
			sourceTree = "<group>";
		};
		E8AA1E8329870BE000555B45 /* Settings Views */ = {
			isa = PBXGroup;
			children = (
				E8161AB6297FFADC00E94D04 /* SettingsView.swift */,
				E8AA1E8829870C4600555B45 /* DeleteProfileView.swift */,
				E8AA1E8429870C1E00555B45 /* ChangeNameView.swift */,
				E8AA1E8629870C3000555B45 /* ChangePasswordView.swift */,
			);
			path = "Settings Views";
			sourceTree = "<group>";
		};
		E8BC30BF29679CAF000D35AD /* Social Views */ = {
			isa = PBXGroup;
			children = (
				E8BC30C029679CEA000D35AD /* SocialView.swift */,
				E812D1062966E70F0033BB23 /* Friends Related Views */,
				E812D1072966E72E0033BB23 /* Group Related Views */,
			);
			path = "Social Views";
			sourceTree = "<group>";
		};
		E8F91B3A293AF173003E23B5 = {
			isa = PBXGroup;
			children = (
				E8F91B45293AF173003E23B5 /* Gifted */,
				E835DE4B29651F3E00FD36C4 /* Gifted-ShareExtension */,
				E8F91B44293AF173003E23B5 /* Products */,
			);
			sourceTree = "<group>";
		};
		E8F91B44293AF173003E23B5 /* Products */ = {
			isa = PBXGroup;
			children = (
				E8F91B43293AF173003E23B5 /* Gifted.app */,
				E835DE4A29651F3E00FD36C4 /* Gifted-ShareExtension.appex */,
			);
			name = Products;
			sourceTree = "<group>";
		};
		E8F91B45293AF173003E23B5 /* Gifted */ = {
			isa = PBXGroup;
			children = (
				E835DE1C2963F58B00FD36C4 /* models */,
				E8F91B5A293AF9E8003E23B5 /* Info.plist */,
				E812D1082966E7C80033BB23 /* View Controllers */,
				E8F91B64293B1070003E23B5 /* Gifted.entitlements */,
				E8F91B46293AF173003E23B5 /* GiftedApp.swift */,
				E8957C582940095C00058AC2 /* AllStructureModifierExtensions.swift */,
				E81197B2295F945100B90D1C /* DataStoreFunctions.swift */,
				E81723BB294BF6180022A09E /* Views */,
				E8F91B4A293AF177003E23B5 /* Assets.xcassets */,
				E8F91B66293B124B003E23B5 /* amplifyconfiguration.json */,
				E8F91B65293B124A003E23B5 /* awsconfiguration.json */,
				E8F91B4C293AF177003E23B5 /* Preview Content */,
			);
			path = Gifted;
			sourceTree = "<group>";
		};
		E8F91B4C293AF177003E23B5 /* Preview Content */ = {
			isa = PBXGroup;
			children = (
				E8F91B4D293AF177003E23B5 /* Preview Assets.xcassets */,
			);
			path = "Preview Content";
			sourceTree = "<group>";
		};
/* End PBXGroup section */

/* Begin PBXNativeTarget section */
		E835DE4929651F3E00FD36C4 /* Gifted-ShareExtension */ = {
			isa = PBXNativeTarget;
			buildConfigurationList = E835DE5529651F3E00FD36C4 /* Build configuration list for PBXNativeTarget "Gifted-ShareExtension" */;
			buildPhases = (
				E835DE4629651F3E00FD36C4 /* Sources */,
				E835DE4729651F3E00FD36C4 /* Frameworks */,
				E835DE4829651F3E00FD36C4 /* Resources */,
			);
			buildRules = (
			);
			dependencies = (
			);
			name = "Gifted-ShareExtension";
			productName = "Gifted-ShareExtension";
			productReference = E835DE4A29651F3E00FD36C4 /* Gifted-ShareExtension.appex */;
			productType = "com.apple.product-type.app-extension";
		};
		E8F91B42293AF173003E23B5 /* Gifted */ = {
			isa = PBXNativeTarget;
			buildConfigurationList = E8F91B51293AF177003E23B5 /* Build configuration list for PBXNativeTarget "Gifted" */;
			buildPhases = (
				E8F91B3F293AF173003E23B5 /* Sources */,
				E8F91B40293AF173003E23B5 /* Frameworks */,
				E8F91B41293AF173003E23B5 /* Resources */,
				E835DE4529651D8E00FD36C4 /* Embed Foundation Extensions */,
			);
			buildRules = (
			);
			dependencies = (
				E835DE5329651F3E00FD36C4 /* PBXTargetDependency */,
			);
			name = Gifted;
			packageProductDependencies = (
				E8CF112C29597F5F0055422F /* AWSAPIPlugin */,
				E8CF112E29597F5F0055422F /* AWSCognitoAuthPlugin */,
				E8CF113029597F5F0055422F /* AWSDataStorePlugin */,
				E8CF113229597F5F0055422F /* AWSLocationGeoPlugin */,
				E8CF113429597F5F0055422F /* AWSPinpointAnalyticsPlugin */,
				E8CF113629597F5F0055422F /* AWSPluginsCore */,
				E8CF113829597F5F0055422F /* AWSS3StoragePlugin */,
				E8CF113A29597F5F0055422F /* Amplify */,
			);
			productName = Gifted;
			productReference = E8F91B43293AF173003E23B5 /* Gifted.app */;
			productType = "com.apple.product-type.application";
		};
/* End PBXNativeTarget section */

/* Begin PBXProject section */
		E8F91B3B293AF173003E23B5 /* Project object */ = {
			isa = PBXProject;
			attributes = {
				BuildIndependentTargetsInParallel = 1;
				LastSwiftUpdateCheck = 1420;
				LastUpgradeCheck = 1410;
				TargetAttributes = {
					E835DE4929651F3E00FD36C4 = {
						CreatedOnToolsVersion = 14.2;
					};
					E8F91B42293AF173003E23B5 = {
						CreatedOnToolsVersion = 14.1;
					};
				};
			};
			buildConfigurationList = E8F91B3E293AF173003E23B5 /* Build configuration list for PBXProject "Gifted" */;
			compatibilityVersion = "Xcode 14.0";
			developmentRegion = en;
			hasScannedForEncodings = 0;
			knownRegions = (
				en,
				Base,
			);
			mainGroup = E8F91B3A293AF173003E23B5;
			packageReferences = (
				E8CF112B29597F5F0055422F /* XCRemoteSwiftPackageReference "amplify-swift" */,
			);
			productRefGroup = E8F91B44293AF173003E23B5 /* Products */;
			projectDirPath = "";
			projectRoot = "";
			targets = (
				E8F91B42293AF173003E23B5 /* Gifted */,
				E835DE4929651F3E00FD36C4 /* Gifted-ShareExtension */,
			);
		};
/* End PBXProject section */

/* Begin PBXResourcesBuildPhase section */
		E835DE4829651F3E00FD36C4 /* Resources */ = {
			isa = PBXResourcesBuildPhase;
			buildActionMask = 2147483647;
			files = (
				E835DE5029651F3E00FD36C4 /* MainInterface.storyboard in Resources */,
			);
			runOnlyForDeploymentPostprocessing = 0;
		};
		E8F91B41293AF173003E23B5 /* Resources */ = {
			isa = PBXResourcesBuildPhase;
			buildActionMask = 2147483647;
			files = (
				E8F91B4E293AF177003E23B5 /* Preview Assets.xcassets in Resources */,
				E8F91B4B293AF177003E23B5 /* Assets.xcassets in Resources */,
				E8F91B67293B124C003E23B5 /* awsconfiguration.json in Resources */,
				E8F91B68293B124C003E23B5 /* amplifyconfiguration.json in Resources */,
			);
			runOnlyForDeploymentPostprocessing = 0;
		};
/* End PBXResourcesBuildPhase section */

/* Begin PBXSourcesBuildPhase section */
		E835DE4629651F3E00FD36C4 /* Sources */ = {
			isa = PBXSourcesBuildPhase;
			buildActionMask = 2147483647;
			files = (
				E835DE4D29651F3E00FD36C4 /* ShareViewController.swift in Sources */,
			);
			runOnlyForDeploymentPostprocessing = 0;
		};
		E8F91B3F293AF173003E23B5 /* Sources */ = {
			isa = PBXSourcesBuildPhase;
			buildActionMask = 2147483647;
			files = (
				E8161AB5297FA89000E94D04 /* GroupDisplayCards.swift in Sources */,
				E8AA1E8929870C4600555B45 /* DeleteProfileView.swift in Sources */,
				E835DE2E2963F58B00FD36C4 /* Reservations+Schema.swift in Sources */,
				E8A3FEFC2987C68900429532 /* FriendListView.swift in Sources */,
				E835DE292963F58B00FD36C4 /* AmplifyModels.swift in Sources */,
				E8161AB3297FA83500E94D04 /* FriendDisplayCards.swift in Sources */,
				E8F91B59293AF264003E23B5 /* FriendsView.swift in Sources */,
				E81197CC295FFEF600B90D1C /* MainView.swift in Sources */,
				E8F91B55293AF20D003E23B5 /* ItemDetailsView.swift in Sources */,
				E894FFB1293C75DD00095DD2 /* ListView.swift in Sources */,
				E835DE2B2963F58B00FD36C4 /* ListItem+Schema.swift in Sources */,
				E835DE2C2963F58B00FD36C4 /* UserProfile.swift in Sources */,
				E84B6DD4295584460030DD6B /* ItemSearchView.swift in Sources */,
				E835DE322963F58B00FD36C4 /* UserList.swift in Sources */,
				E835DE302963F58B00FD36C4 /* Group.swift in Sources */,
				E835DE312963F58B00FD36C4 /* Group+Schema.swift in Sources */,
				E835DE2A2963F58B00FD36C4 /* UserList+Schema.swift in Sources */,
				E8AA1E8529870C1E00555B45 /* ChangeNameView.swift in Sources */,
				E812D1022966E6970033BB23 /* CreateNewGroup.swift in Sources */,
				E8BC30C129679CEA000D35AD /* SocialView.swift in Sources */,
				E8F91B49293AF173003E23B5 /* ContentView.swift in Sources */,
				E8AA1E8729870C3000555B45 /* ChangePasswordView.swift in Sources */,
				E8957C592940095C00058AC2 /* AllStructureModifierExtensions.swift in Sources */,
				E894FF9A293C165200095DD2 /* SignUpView.swift in Sources */,
				E8FC8934293CB62400645630 /* GroupsView.swift in Sources */,
				E8161AB7297FFADC00E94D04 /* SettingsView.swift in Sources */,
				E8F91B57293AF234003E23B5 /* LoginView.swift in Sources */,
				E81197B3295F945100B90D1C /* DataStoreFunctions.swift in Sources */,
				E81197CE29601B2900B90D1C /* DisplayCards.swift in Sources */,
				E86D65F62984DF2C004F58E4 /* FriendsDetailsView.swift in Sources */,
				E812D0FE2966E6170033BB23 /* AddToFriends.swift in Sources */,
				E835DE2F2963F58B00FD36C4 /* Reservations.swift in Sources */,
				E8F1602829455FF100FDD251 /* GroupDetailsView.swift in Sources */,
				E812D1002966E65D0033BB23 /* AddToGroups.swift in Sources */,
				E894FF9C293C16FA00095DD2 /* ConfirmationView.swift in Sources */,
				E812D0FC2966E5D50033BB23 /* AddToList.swift in Sources */,
				E8F91B47293AF173003E23B5 /* GiftedApp.swift in Sources */,
				E87BE3E4293B5C2A007DC233 /* SessionManager.swift in Sources */,
				E8B238E7294C83FB0045136B /* MenuViewController.swift in Sources */,
				E835DE282963F58B00FD36C4 /* ListItem.swift in Sources */,
				E835DE2D2963F58B00FD36C4 /* UserProfile+Schema.swift in Sources */,
			);
			runOnlyForDeploymentPostprocessing = 0;
		};
/* End PBXSourcesBuildPhase section */

/* Begin PBXTargetDependency section */
		E835DE5329651F3E00FD36C4 /* PBXTargetDependency */ = {
			isa = PBXTargetDependency;
			target = E835DE4929651F3E00FD36C4 /* Gifted-ShareExtension */;
			targetProxy = E835DE5229651F3E00FD36C4 /* PBXContainerItemProxy */;
		};
/* End PBXTargetDependency section */

/* Begin PBXVariantGroup section */
		E835DE4E29651F3E00FD36C4 /* MainInterface.storyboard */ = {
			isa = PBXVariantGroup;
			children = (
				E835DE4F29651F3E00FD36C4 /* Base */,
			);
			name = MainInterface.storyboard;
			sourceTree = "<group>";
		};
/* End PBXVariantGroup section */

/* Begin XCBuildConfiguration section */
		E835DE5629651F3E00FD36C4 /* Debug */ = {
			isa = XCBuildConfiguration;
			buildSettings = {
				CODE_SIGN_ENTITLEMENTS = "Gifted-ShareExtension/Gifted-ShareExtension.entitlements";
				CODE_SIGN_STYLE = Automatic;
				CURRENT_PROJECT_VERSION = 1;
				DEVELOPMENT_TEAM = 3L8Q3U3WY3;
				GENERATE_INFOPLIST_FILE = YES;
				INFOPLIST_FILE = "Gifted-ShareExtension/Info.plist";
				INFOPLIST_KEY_CFBundleDisplayName = "Gifted-ShareExtension";
				INFOPLIST_KEY_NSHumanReadableCopyright = "";
				IPHONEOS_DEPLOYMENT_TARGET = 16.2;
				LD_RUNPATH_SEARCH_PATHS = (
					"$(inherited)",
					"@executable_path/Frameworks",
					"@executable_path/../../Frameworks",
				);
				MARKETING_VERSION = 1.0;
				PRODUCT_BUNDLE_IDENTIFIER = "com.Hatchlings.Gifted.Gifted-ShareExtension";
				PRODUCT_NAME = "$(TARGET_NAME)";
				SKIP_INSTALL = YES;
				SWIFT_EMIT_LOC_STRINGS = YES;
				SWIFT_VERSION = 5.0;
				TARGETED_DEVICE_FAMILY = "1,2";
			};
			name = Debug;
		};
		E835DE5729651F3E00FD36C4 /* Release */ = {
			isa = XCBuildConfiguration;
			buildSettings = {
				CODE_SIGN_ENTITLEMENTS = "Gifted-ShareExtension/Gifted-ShareExtension.entitlements";
				CODE_SIGN_STYLE = Automatic;
				CURRENT_PROJECT_VERSION = 1;
				DEVELOPMENT_TEAM = 3L8Q3U3WY3;
				GENERATE_INFOPLIST_FILE = YES;
				INFOPLIST_FILE = "Gifted-ShareExtension/Info.plist";
				INFOPLIST_KEY_CFBundleDisplayName = "Gifted-ShareExtension";
				INFOPLIST_KEY_NSHumanReadableCopyright = "";
				IPHONEOS_DEPLOYMENT_TARGET = 16.2;
				LD_RUNPATH_SEARCH_PATHS = (
					"$(inherited)",
					"@executable_path/Frameworks",
					"@executable_path/../../Frameworks",
				);
				MARKETING_VERSION = 1.0;
				PRODUCT_BUNDLE_IDENTIFIER = "com.Hatchlings.Gifted.Gifted-ShareExtension";
				PRODUCT_NAME = "$(TARGET_NAME)";
				SKIP_INSTALL = YES;
				SWIFT_EMIT_LOC_STRINGS = YES;
				SWIFT_VERSION = 5.0;
				TARGETED_DEVICE_FAMILY = "1,2";
			};
			name = Release;
		};
		E8F91B4F293AF177003E23B5 /* Debug */ = {
			isa = XCBuildConfiguration;
			buildSettings = {
				ALWAYS_SEARCH_USER_PATHS = NO;
				CLANG_ANALYZER_NONNULL = YES;
				CLANG_ANALYZER_NUMBER_OBJECT_CONVERSION = YES_AGGRESSIVE;
				CLANG_CXX_LANGUAGE_STANDARD = "gnu++20";
				CLANG_ENABLE_MODULES = YES;
				CLANG_ENABLE_OBJC_ARC = YES;
				CLANG_ENABLE_OBJC_WEAK = YES;
				CLANG_WARN_BLOCK_CAPTURE_AUTORELEASING = YES;
				CLANG_WARN_BOOL_CONVERSION = YES;
				CLANG_WARN_COMMA = YES;
				CLANG_WARN_CONSTANT_CONVERSION = YES;
				CLANG_WARN_DEPRECATED_OBJC_IMPLEMENTATIONS = YES;
				CLANG_WARN_DIRECT_OBJC_ISA_USAGE = YES_ERROR;
				CLANG_WARN_DOCUMENTATION_COMMENTS = YES;
				CLANG_WARN_EMPTY_BODY = YES;
				CLANG_WARN_ENUM_CONVERSION = YES;
				CLANG_WARN_INFINITE_RECURSION = YES;
				CLANG_WARN_INT_CONVERSION = YES;
				CLANG_WARN_NON_LITERAL_NULL_CONVERSION = YES;
				CLANG_WARN_OBJC_IMPLICIT_RETAIN_SELF = YES;
				CLANG_WARN_OBJC_LITERAL_CONVERSION = YES;
				CLANG_WARN_OBJC_ROOT_CLASS = YES_ERROR;
				CLANG_WARN_QUOTED_INCLUDE_IN_FRAMEWORK_HEADER = YES;
				CLANG_WARN_RANGE_LOOP_ANALYSIS = YES;
				CLANG_WARN_STRICT_PROTOTYPES = YES;
				CLANG_WARN_SUSPICIOUS_MOVE = YES;
				CLANG_WARN_UNGUARDED_AVAILABILITY = YES_AGGRESSIVE;
				CLANG_WARN_UNREACHABLE_CODE = YES;
				CLANG_WARN__DUPLICATE_METHOD_MATCH = YES;
				COPY_PHASE_STRIP = NO;
				DEBUG_INFORMATION_FORMAT = dwarf;
				ENABLE_STRICT_OBJC_MSGSEND = YES;
				ENABLE_TESTABILITY = YES;
				GCC_C_LANGUAGE_STANDARD = gnu11;
				GCC_DYNAMIC_NO_PIC = NO;
				GCC_NO_COMMON_BLOCKS = YES;
				GCC_OPTIMIZATION_LEVEL = 0;
				GCC_PREPROCESSOR_DEFINITIONS = (
					"DEBUG=1",
					"$(inherited)",
				);
				GCC_WARN_64_TO_32_BIT_CONVERSION = YES;
				GCC_WARN_ABOUT_RETURN_TYPE = YES_ERROR;
				GCC_WARN_UNDECLARED_SELECTOR = YES;
				GCC_WARN_UNINITIALIZED_AUTOS = YES_AGGRESSIVE;
				GCC_WARN_UNUSED_FUNCTION = YES;
				GCC_WARN_UNUSED_VARIABLE = YES;
				IPHONEOS_DEPLOYMENT_TARGET = 15.0;
				MTL_ENABLE_DEBUG_INFO = INCLUDE_SOURCE;
				MTL_FAST_MATH = YES;
				ONLY_ACTIVE_ARCH = YES;
				SDKROOT = iphoneos;
				SWIFT_ACTIVE_COMPILATION_CONDITIONS = DEBUG;
				SWIFT_OPTIMIZATION_LEVEL = "-Onone";
				SWIFT_VERSION = 5.0;
			};
			name = Debug;
		};
		E8F91B50293AF177003E23B5 /* Release */ = {
			isa = XCBuildConfiguration;
			buildSettings = {
				ALWAYS_SEARCH_USER_PATHS = NO;
				CLANG_ANALYZER_NONNULL = YES;
				CLANG_ANALYZER_NUMBER_OBJECT_CONVERSION = YES_AGGRESSIVE;
				CLANG_CXX_LANGUAGE_STANDARD = "gnu++20";
				CLANG_ENABLE_MODULES = YES;
				CLANG_ENABLE_OBJC_ARC = YES;
				CLANG_ENABLE_OBJC_WEAK = YES;
				CLANG_WARN_BLOCK_CAPTURE_AUTORELEASING = YES;
				CLANG_WARN_BOOL_CONVERSION = YES;
				CLANG_WARN_COMMA = YES;
				CLANG_WARN_CONSTANT_CONVERSION = YES;
				CLANG_WARN_DEPRECATED_OBJC_IMPLEMENTATIONS = YES;
				CLANG_WARN_DIRECT_OBJC_ISA_USAGE = YES_ERROR;
				CLANG_WARN_DOCUMENTATION_COMMENTS = YES;
				CLANG_WARN_EMPTY_BODY = YES;
				CLANG_WARN_ENUM_CONVERSION = YES;
				CLANG_WARN_INFINITE_RECURSION = YES;
				CLANG_WARN_INT_CONVERSION = YES;
				CLANG_WARN_NON_LITERAL_NULL_CONVERSION = YES;
				CLANG_WARN_OBJC_IMPLICIT_RETAIN_SELF = YES;
				CLANG_WARN_OBJC_LITERAL_CONVERSION = YES;
				CLANG_WARN_OBJC_ROOT_CLASS = YES_ERROR;
				CLANG_WARN_QUOTED_INCLUDE_IN_FRAMEWORK_HEADER = YES;
				CLANG_WARN_RANGE_LOOP_ANALYSIS = YES;
				CLANG_WARN_STRICT_PROTOTYPES = YES;
				CLANG_WARN_SUSPICIOUS_MOVE = YES;
				CLANG_WARN_UNGUARDED_AVAILABILITY = YES_AGGRESSIVE;
				CLANG_WARN_UNREACHABLE_CODE = YES;
				CLANG_WARN__DUPLICATE_METHOD_MATCH = YES;
				COPY_PHASE_STRIP = NO;
				DEBUG_INFORMATION_FORMAT = "dwarf-with-dsym";
				ENABLE_NS_ASSERTIONS = NO;
				ENABLE_STRICT_OBJC_MSGSEND = YES;
				GCC_C_LANGUAGE_STANDARD = gnu11;
				GCC_NO_COMMON_BLOCKS = YES;
				GCC_WARN_64_TO_32_BIT_CONVERSION = YES;
				GCC_WARN_ABOUT_RETURN_TYPE = YES_ERROR;
				GCC_WARN_UNDECLARED_SELECTOR = YES;
				GCC_WARN_UNINITIALIZED_AUTOS = YES_AGGRESSIVE;
				GCC_WARN_UNUSED_FUNCTION = YES;
				GCC_WARN_UNUSED_VARIABLE = YES;
				IPHONEOS_DEPLOYMENT_TARGET = 15.0;
				MTL_ENABLE_DEBUG_INFO = NO;
				MTL_FAST_MATH = YES;
				SDKROOT = iphoneos;
				SWIFT_COMPILATION_MODE = wholemodule;
				SWIFT_OPTIMIZATION_LEVEL = "-O";
				SWIFT_VERSION = 5.0;
				VALIDATE_PRODUCT = YES;
			};
			name = Release;
		};
		E8F91B52293AF177003E23B5 /* Debug */ = {
			isa = XCBuildConfiguration;
			buildSettings = {
				ALWAYS_EMBED_SWIFT_STANDARD_LIBRARIES = YES;
				ASSETCATALOG_COMPILER_APPICON_NAME = AppIcon;
				ASSETCATALOG_COMPILER_GLOBAL_ACCENT_COLOR_NAME = AccentColor;
				CODE_SIGN_ENTITLEMENTS = Gifted/Gifted.entitlements;
				CODE_SIGN_STYLE = Automatic;
				CURRENT_PROJECT_VERSION = 1;
				DEVELOPMENT_ASSET_PATHS = "\"Gifted/Preview Content\"";
				DEVELOPMENT_TEAM = 3L8Q3U3WY3;
				ENABLE_PREVIEWS = YES;
				GENERATE_INFOPLIST_FILE = YES;
				INFOPLIST_FILE = Gifted/Info.plist;
				INFOPLIST_KEY_UIApplicationSupportsIndirectInputEvents = YES;
				INFOPLIST_KEY_UILaunchScreen_Generation = YES;
				INFOPLIST_KEY_UIRequiresFullScreen = YES;
				INFOPLIST_KEY_UISupportedInterfaceOrientations = "UIInterfaceOrientationPortrait UIInterfaceOrientationPortraitUpsideDown";
				IPHONEOS_DEPLOYMENT_TARGET = 15.0;
				LD_RUNPATH_SEARCH_PATHS = (
					"$(inherited)",
					"@executable_path/Frameworks",
				);
				MARKETING_VERSION = 1.0;
				PRODUCT_BUNDLE_IDENTIFIER = com.Hatchlings.Gifted;
				PRODUCT_NAME = "$(TARGET_NAME)";
				SWIFT_EMIT_LOC_STRINGS = YES;
				SWIFT_VERSION = 5.0;
				TARGETED_DEVICE_FAMILY = 1;
			};
			name = Debug;
		};
		E8F91B53293AF177003E23B5 /* Release */ = {
			isa = XCBuildConfiguration;
			buildSettings = {
				ALWAYS_EMBED_SWIFT_STANDARD_LIBRARIES = YES;
				ASSETCATALOG_COMPILER_APPICON_NAME = AppIcon;
				ASSETCATALOG_COMPILER_GLOBAL_ACCENT_COLOR_NAME = AccentColor;
				CODE_SIGN_ENTITLEMENTS = Gifted/Gifted.entitlements;
				CODE_SIGN_STYLE = Automatic;
				CURRENT_PROJECT_VERSION = 1;
				DEVELOPMENT_ASSET_PATHS = "\"Gifted/Preview Content\"";
				DEVELOPMENT_TEAM = 3L8Q3U3WY3;
				ENABLE_PREVIEWS = YES;
				GENERATE_INFOPLIST_FILE = YES;
				INFOPLIST_FILE = Gifted/Info.plist;
				INFOPLIST_KEY_UIApplicationSupportsIndirectInputEvents = YES;
				INFOPLIST_KEY_UILaunchScreen_Generation = YES;
				INFOPLIST_KEY_UIRequiresFullScreen = YES;
				INFOPLIST_KEY_UISupportedInterfaceOrientations = "UIInterfaceOrientationPortrait UIInterfaceOrientationPortraitUpsideDown";
				IPHONEOS_DEPLOYMENT_TARGET = 15.0;
				LD_RUNPATH_SEARCH_PATHS = (
					"$(inherited)",
					"@executable_path/Frameworks",
				);
				MARKETING_VERSION = 1.0;
				PRODUCT_BUNDLE_IDENTIFIER = com.Hatchlings.Gifted;
				PRODUCT_NAME = "$(TARGET_NAME)";
				SWIFT_EMIT_LOC_STRINGS = YES;
				SWIFT_VERSION = 5.0;
				TARGETED_DEVICE_FAMILY = 1;
			};
			name = Release;
		};
/* End XCBuildConfiguration section */

/* Begin XCConfigurationList section */
		E835DE5529651F3E00FD36C4 /* Build configuration list for PBXNativeTarget "Gifted-ShareExtension" */ = {
			isa = XCConfigurationList;
			buildConfigurations = (
				E835DE5629651F3E00FD36C4 /* Debug */,
				E835DE5729651F3E00FD36C4 /* Release */,
			);
			defaultConfigurationIsVisible = 0;
			defaultConfigurationName = Release;
		};
		E8F91B3E293AF173003E23B5 /* Build configuration list for PBXProject "Gifted" */ = {
			isa = XCConfigurationList;
			buildConfigurations = (
				E8F91B4F293AF177003E23B5 /* Debug */,
				E8F91B50293AF177003E23B5 /* Release */,
			);
			defaultConfigurationIsVisible = 0;
			defaultConfigurationName = Release;
		};
		E8F91B51293AF177003E23B5 /* Build configuration list for PBXNativeTarget "Gifted" */ = {
			isa = XCConfigurationList;
			buildConfigurations = (
				E8F91B52293AF177003E23B5 /* Debug */,
				E8F91B53293AF177003E23B5 /* Release */,
			);
			defaultConfigurationIsVisible = 0;
			defaultConfigurationName = Release;
		};
/* End XCConfigurationList section */

/* Begin XCRemoteSwiftPackageReference section */
		E8CF112B29597F5F0055422F /* XCRemoteSwiftPackageReference "amplify-swift" */ = {
			isa = XCRemoteSwiftPackageReference;
			repositoryURL = "https://github.com/aws-amplify/amplify-swift";
			requirement = {
				kind = upToNextMajorVersion;
				minimumVersion = 1.0.0;
			};
		};
/* End XCRemoteSwiftPackageReference section */

/* Begin XCSwiftPackageProductDependency section */
		E8CF112C29597F5F0055422F /* AWSAPIPlugin */ = {
			isa = XCSwiftPackageProductDependency;
			package = E8CF112B29597F5F0055422F /* XCRemoteSwiftPackageReference "amplify-swift" */;
			productName = AWSAPIPlugin;
		};
		E8CF112E29597F5F0055422F /* AWSCognitoAuthPlugin */ = {
			isa = XCSwiftPackageProductDependency;
			package = E8CF112B29597F5F0055422F /* XCRemoteSwiftPackageReference "amplify-swift" */;
			productName = AWSCognitoAuthPlugin;
		};
		E8CF113029597F5F0055422F /* AWSDataStorePlugin */ = {
			isa = XCSwiftPackageProductDependency;
			package = E8CF112B29597F5F0055422F /* XCRemoteSwiftPackageReference "amplify-swift" */;
			productName = AWSDataStorePlugin;
		};
		E8CF113229597F5F0055422F /* AWSLocationGeoPlugin */ = {
			isa = XCSwiftPackageProductDependency;
			package = E8CF112B29597F5F0055422F /* XCRemoteSwiftPackageReference "amplify-swift" */;
			productName = AWSLocationGeoPlugin;
		};
		E8CF113429597F5F0055422F /* AWSPinpointAnalyticsPlugin */ = {
			isa = XCSwiftPackageProductDependency;
			package = E8CF112B29597F5F0055422F /* XCRemoteSwiftPackageReference "amplify-swift" */;
			productName = AWSPinpointAnalyticsPlugin;
		};
		E8CF113629597F5F0055422F /* AWSPluginsCore */ = {
			isa = XCSwiftPackageProductDependency;
			package = E8CF112B29597F5F0055422F /* XCRemoteSwiftPackageReference "amplify-swift" */;
			productName = AWSPluginsCore;
		};
		E8CF113829597F5F0055422F /* AWSS3StoragePlugin */ = {
			isa = XCSwiftPackageProductDependency;
			package = E8CF112B29597F5F0055422F /* XCRemoteSwiftPackageReference "amplify-swift" */;
			productName = AWSS3StoragePlugin;
		};
		E8CF113A29597F5F0055422F /* Amplify */ = {
			isa = XCSwiftPackageProductDependency;
			package = E8CF112B29597F5F0055422F /* XCRemoteSwiftPackageReference "amplify-swift" */;
			productName = Amplify;
		};
/* End XCSwiftPackageProductDependency section */
	};
	rootObject = E8F91B3B293AF173003E23B5 /* Project object */;
}
