// !$*UTF8*$!
{
	archiveVersion = 1;
	classes = {
	};
	objectVersion = 56;
	objects = {

/* Begin PBXBuildFile section */
		E87BE3E4293B5C2A007DC233 /* SessionManager.swift in Sources */ = {isa = PBXBuildFile; fileRef = E87BE3E3293B5C2A007DC233 /* SessionManager.swift */; };
		E894FF9A293C165200095DD2 /* SignUpView.swift in Sources */ = {isa = PBXBuildFile; fileRef = E894FF99293C165200095DD2 /* SignUpView.swift */; };
		E894FF9C293C16FA00095DD2 /* ConfirmationView.swift in Sources */ = {isa = PBXBuildFile; fileRef = E894FF9B293C16FA00095DD2 /* ConfirmationView.swift */; };
		E894FF9E293C174500095DD2 /* PrettyModifierExtensions.swift in Sources */ = {isa = PBXBuildFile; fileRef = E894FF9D293C174500095DD2 /* PrettyModifierExtensions.swift */; };
		E894FFA1293C1BA700095DD2 /* AWSAPIPlugin in Frameworks */ = {isa = PBXBuildFile; productRef = E894FFA0293C1BA700095DD2 /* AWSAPIPlugin */; };
		E894FFA3293C1BA700095DD2 /* AWSCognitoAuthPlugin in Frameworks */ = {isa = PBXBuildFile; productRef = E894FFA2293C1BA700095DD2 /* AWSCognitoAuthPlugin */; };
		E894FFA5293C1BA700095DD2 /* AWSDataStorePlugin in Frameworks */ = {isa = PBXBuildFile; productRef = E894FFA4293C1BA700095DD2 /* AWSDataStorePlugin */; settings = {ATTRIBUTES = (Weak, ); }; };
		E894FFA7293C1BA700095DD2 /* AWSLocationGeoPlugin in Frameworks */ = {isa = PBXBuildFile; productRef = E894FFA6293C1BA700095DD2 /* AWSLocationGeoPlugin */; settings = {ATTRIBUTES = (Weak, ); }; };
		E894FFA9293C1BA700095DD2 /* AWSPinpointAnalyticsPlugin in Frameworks */ = {isa = PBXBuildFile; productRef = E894FFA8293C1BA700095DD2 /* AWSPinpointAnalyticsPlugin */; settings = {ATTRIBUTES = (Weak, ); }; };
		E894FFAB293C1BA700095DD2 /* AWSPluginsCore in Frameworks */ = {isa = PBXBuildFile; productRef = E894FFAA293C1BA700095DD2 /* AWSPluginsCore */; };
		E894FFAD293C1BA700095DD2 /* AWSS3StoragePlugin in Frameworks */ = {isa = PBXBuildFile; productRef = E894FFAC293C1BA700095DD2 /* AWSS3StoragePlugin */; settings = {ATTRIBUTES = (Weak, ); }; };
		E894FFAF293C1BA700095DD2 /* Amplify in Frameworks */ = {isa = PBXBuildFile; productRef = E894FFAE293C1BA700095DD2 /* Amplify */; };
		E894FFB1293C75DD00095DD2 /* ListView.swift in Sources */ = {isa = PBXBuildFile; fileRef = E894FFB0293C75DD00095DD2 /* ListView.swift */; };
		E894FFB3293C767C00095DD2 /* FloatingElementsView.swift in Sources */ = {isa = PBXBuildFile; fileRef = E894FFB2293C767C00095DD2 /* FloatingElementsView.swift */; };
		E8F91B47293AF173003E23B5 /* GiftedApp.swift in Sources */ = {isa = PBXBuildFile; fileRef = E8F91B46293AF173003E23B5 /* GiftedApp.swift */; };
		E8F91B49293AF173003E23B5 /* ContentView.swift in Sources */ = {isa = PBXBuildFile; fileRef = E8F91B48293AF173003E23B5 /* ContentView.swift */; };
		E8F91B4B293AF177003E23B5 /* Assets.xcassets in Resources */ = {isa = PBXBuildFile; fileRef = E8F91B4A293AF177003E23B5 /* Assets.xcassets */; };
		E8F91B4E293AF177003E23B5 /* Preview Assets.xcassets in Resources */ = {isa = PBXBuildFile; fileRef = E8F91B4D293AF177003E23B5 /* Preview Assets.xcassets */; };
		E8F91B55293AF20D003E23B5 /* ItemDetailsView.swift in Sources */ = {isa = PBXBuildFile; fileRef = E8F91B54293AF20D003E23B5 /* ItemDetailsView.swift */; };
		E8F91B57293AF234003E23B5 /* LoginView.swift in Sources */ = {isa = PBXBuildFile; fileRef = E8F91B56293AF234003E23B5 /* LoginView.swift */; };
		E8F91B59293AF264003E23B5 /* FriendsView.swift in Sources */ = {isa = PBXBuildFile; fileRef = E8F91B58293AF264003E23B5 /* FriendsView.swift */; };
		E8F91B67293B124C003E23B5 /* awsconfiguration.json in Resources */ = {isa = PBXBuildFile; fileRef = E8F91B65293B124A003E23B5 /* awsconfiguration.json */; };
		E8F91B68293B124C003E23B5 /* amplifyconfiguration.json in Resources */ = {isa = PBXBuildFile; fileRef = E8F91B66293B124B003E23B5 /* amplifyconfiguration.json */; };
		E8FC8934293CB62400645630 /* GroupsView.swift in Sources */ = {isa = PBXBuildFile; fileRef = E8FC8933293CB62400645630 /* GroupsView.swift */; };
/* End PBXBuildFile section */

/* Begin PBXFileReference section */
		E87BE3E3293B5C2A007DC233 /* SessionManager.swift */ = {isa = PBXFileReference; lastKnownFileType = sourcecode.swift; path = SessionManager.swift; sourceTree = "<group>"; };
		E894FF99293C165200095DD2 /* SignUpView.swift */ = {isa = PBXFileReference; lastKnownFileType = sourcecode.swift; path = SignUpView.swift; sourceTree = "<group>"; };
		E894FF9B293C16FA00095DD2 /* ConfirmationView.swift */ = {isa = PBXFileReference; lastKnownFileType = sourcecode.swift; path = ConfirmationView.swift; sourceTree = "<group>"; };
		E894FF9D293C174500095DD2 /* PrettyModifierExtensions.swift */ = {isa = PBXFileReference; lastKnownFileType = sourcecode.swift; path = PrettyModifierExtensions.swift; sourceTree = "<group>"; };
		E894FFB0293C75DD00095DD2 /* ListView.swift */ = {isa = PBXFileReference; lastKnownFileType = sourcecode.swift; path = ListView.swift; sourceTree = "<group>"; };
		E894FFB2293C767C00095DD2 /* FloatingElementsView.swift */ = {isa = PBXFileReference; lastKnownFileType = sourcecode.swift; path = FloatingElementsView.swift; sourceTree = "<group>"; };
		E8F91B43293AF173003E23B5 /* Gifted.app */ = {isa = PBXFileReference; explicitFileType = wrapper.application; includeInIndex = 0; path = Gifted.app; sourceTree = BUILT_PRODUCTS_DIR; };
		E8F91B46293AF173003E23B5 /* GiftedApp.swift */ = {isa = PBXFileReference; lastKnownFileType = sourcecode.swift; path = GiftedApp.swift; sourceTree = "<group>"; };
		E8F91B48293AF173003E23B5 /* ContentView.swift */ = {isa = PBXFileReference; lastKnownFileType = sourcecode.swift; path = ContentView.swift; sourceTree = "<group>"; };
		E8F91B4A293AF177003E23B5 /* Assets.xcassets */ = {isa = PBXFileReference; lastKnownFileType = folder.assetcatalog; path = Assets.xcassets; sourceTree = "<group>"; };
		E8F91B4D293AF177003E23B5 /* Preview Assets.xcassets */ = {isa = PBXFileReference; lastKnownFileType = folder.assetcatalog; path = "Preview Assets.xcassets"; sourceTree = "<group>"; };
		E8F91B54293AF20D003E23B5 /* ItemDetailsView.swift */ = {isa = PBXFileReference; lastKnownFileType = sourcecode.swift; path = ItemDetailsView.swift; sourceTree = "<group>"; };
		E8F91B56293AF234003E23B5 /* LoginView.swift */ = {isa = PBXFileReference; lastKnownFileType = sourcecode.swift; path = LoginView.swift; sourceTree = "<group>"; };
		E8F91B58293AF264003E23B5 /* FriendsView.swift */ = {isa = PBXFileReference; lastKnownFileType = sourcecode.swift; path = FriendsView.swift; sourceTree = "<group>"; };
		E8F91B5A293AF9E8003E23B5 /* Info.plist */ = {isa = PBXFileReference; lastKnownFileType = text.plist; path = Info.plist; sourceTree = "<group>"; };
		E8F91B64293B1070003E23B5 /* Gifted.entitlements */ = {isa = PBXFileReference; lastKnownFileType = text.plist.entitlements; path = Gifted.entitlements; sourceTree = "<group>"; };
		E8F91B65293B124A003E23B5 /* awsconfiguration.json */ = {isa = PBXFileReference; fileEncoding = 4; lastKnownFileType = text.json; path = awsconfiguration.json; sourceTree = SOURCE_ROOT; };
		E8F91B66293B124B003E23B5 /* amplifyconfiguration.json */ = {isa = PBXFileReference; fileEncoding = 4; lastKnownFileType = text.json; path = amplifyconfiguration.json; sourceTree = SOURCE_ROOT; };
		E8FC8933293CB62400645630 /* GroupsView.swift */ = {isa = PBXFileReference; lastKnownFileType = sourcecode.swift; path = GroupsView.swift; sourceTree = "<group>"; };
/* End PBXFileReference section */

/* Begin PBXFrameworksBuildPhase section */
		E8F91B40293AF173003E23B5 /* Frameworks */ = {
			isa = PBXFrameworksBuildPhase;
			buildActionMask = 2147483647;
			files = (
				E894FFA5293C1BA700095DD2 /* AWSDataStorePlugin in Frameworks */,
				E894FFAF293C1BA700095DD2 /* Amplify in Frameworks */,
				E894FFA1293C1BA700095DD2 /* AWSAPIPlugin in Frameworks */,
				E894FFAB293C1BA700095DD2 /* AWSPluginsCore in Frameworks */,
				E894FFAD293C1BA700095DD2 /* AWSS3StoragePlugin in Frameworks */,
				E894FFA9293C1BA700095DD2 /* AWSPinpointAnalyticsPlugin in Frameworks */,
				E894FFA7293C1BA700095DD2 /* AWSLocationGeoPlugin in Frameworks */,
				E894FFA3293C1BA700095DD2 /* AWSCognitoAuthPlugin in Frameworks */,
			);
			runOnlyForDeploymentPostprocessing = 0;
		};
/* End PBXFrameworksBuildPhase section */

/* Begin PBXGroup section */
		E8F91B3A293AF173003E23B5 = {
			isa = PBXGroup;
			children = (
				E8F91B45293AF173003E23B5 /* Gifted */,
				E8F91B44293AF173003E23B5 /* Products */,
			);
			sourceTree = "<group>";
		};
		E8F91B44293AF173003E23B5 /* Products */ = {
			isa = PBXGroup;
			children = (
				E8F91B43293AF173003E23B5 /* Gifted.app */,
			);
			name = Products;
			sourceTree = "<group>";
		};
		E8F91B45293AF173003E23B5 /* Gifted */ = {
			isa = PBXGroup;
			children = (
				E8F91B64293B1070003E23B5 /* Gifted.entitlements */,
				E8F91B5A293AF9E8003E23B5 /* Info.plist */,
				E87BE3E3293B5C2A007DC233 /* SessionManager.swift */,
				E894FF9B293C16FA00095DD2 /* ConfirmationView.swift */,
				E894FF9D293C174500095DD2 /* PrettyModifierExtensions.swift */,
				E8F91B46293AF173003E23B5 /* GiftedApp.swift */,
				E894FF99293C165200095DD2 /* SignUpView.swift */,
				E8F91B48293AF173003E23B5 /* ContentView.swift */,
				E8F91B54293AF20D003E23B5 /* ItemDetailsView.swift */,
				E8F91B56293AF234003E23B5 /* LoginView.swift */,
				E8F91B58293AF264003E23B5 /* FriendsView.swift */,
				E8FC8933293CB62400645630 /* GroupsView.swift */,
				E894FFB2293C767C00095DD2 /* FloatingElementsView.swift */,
				E894FFB0293C75DD00095DD2 /* ListView.swift */,
				E8F91B4A293AF177003E23B5 /* Assets.xcassets */,
				E8F91B66293B124B003E23B5 /* amplifyconfiguration.json */,
				E8F91B65293B124A003E23B5 /* awsconfiguration.json */,
				E8F91B4C293AF177003E23B5 /* Preview Content */,
			);
			path = Gifted;
			sourceTree = "<group>";
		};
		E8F91B4C293AF177003E23B5 /* Preview Content */ = {
			isa = PBXGroup;
			children = (
				E8F91B4D293AF177003E23B5 /* Preview Assets.xcassets */,
			);
			path = "Preview Content";
			sourceTree = "<group>";
		};
/* End PBXGroup section */

/* Begin PBXNativeTarget section */
		E8F91B42293AF173003E23B5 /* Gifted */ = {
			isa = PBXNativeTarget;
			buildConfigurationList = E8F91B51293AF177003E23B5 /* Build configuration list for PBXNativeTarget "Gifted" */;
			buildPhases = (
				E8F91B3F293AF173003E23B5 /* Sources */,
				E8F91B40293AF173003E23B5 /* Frameworks */,
				E8F91B41293AF173003E23B5 /* Resources */,
			);
			buildRules = (
			);
			dependencies = (
			);
			name = Gifted;
			packageProductDependencies = (
				E894FFA0293C1BA700095DD2 /* AWSAPIPlugin */,
				E894FFA2293C1BA700095DD2 /* AWSCognitoAuthPlugin */,
				E894FFA4293C1BA700095DD2 /* AWSDataStorePlugin */,
				E894FFA6293C1BA700095DD2 /* AWSLocationGeoPlugin */,
				E894FFA8293C1BA700095DD2 /* AWSPinpointAnalyticsPlugin */,
				E894FFAA293C1BA700095DD2 /* AWSPluginsCore */,
				E894FFAC293C1BA700095DD2 /* AWSS3StoragePlugin */,
				E894FFAE293C1BA700095DD2 /* Amplify */,
			);
			productName = Gifted;
			productReference = E8F91B43293AF173003E23B5 /* Gifted.app */;
			productType = "com.apple.product-type.application";
		};
/* End PBXNativeTarget section */

/* Begin PBXProject section */
		E8F91B3B293AF173003E23B5 /* Project object */ = {
			isa = PBXProject;
			attributes = {
				BuildIndependentTargetsInParallel = 1;
				LastSwiftUpdateCheck = 1410;
				LastUpgradeCheck = 1410;
				TargetAttributes = {
					E8F91B42293AF173003E23B5 = {
						CreatedOnToolsVersion = 14.1;
					};
				};
			};
			buildConfigurationList = E8F91B3E293AF173003E23B5 /* Build configuration list for PBXProject "Gifted" */;
			compatibilityVersion = "Xcode 14.0";
			developmentRegion = en;
			hasScannedForEncodings = 0;
			knownRegions = (
				en,
				Base,
			);
			mainGroup = E8F91B3A293AF173003E23B5;
			packageReferences = (
				E894FF9F293C1BA600095DD2 /* XCRemoteSwiftPackageReference "amplify-ios" */,
			);
			productRefGroup = E8F91B44293AF173003E23B5 /* Products */;
			projectDirPath = "";
			projectRoot = "";
			targets = (
				E8F91B42293AF173003E23B5 /* Gifted */,
			);
		};
/* End PBXProject section */

/* Begin PBXResourcesBuildPhase section */
		E8F91B41293AF173003E23B5 /* Resources */ = {
			isa = PBXResourcesBuildPhase;
			buildActionMask = 2147483647;
			files = (
				E8F91B4E293AF177003E23B5 /* Preview Assets.xcassets in Resources */,
				E8F91B4B293AF177003E23B5 /* Assets.xcassets in Resources */,
				E8F91B67293B124C003E23B5 /* awsconfiguration.json in Resources */,
				E8F91B68293B124C003E23B5 /* amplifyconfiguration.json in Resources */,
			);
			runOnlyForDeploymentPostprocessing = 0;
		};
/* End PBXResourcesBuildPhase section */

/* Begin PBXSourcesBuildPhase section */
		E8F91B3F293AF173003E23B5 /* Sources */ = {
			isa = PBXSourcesBuildPhase;
			buildActionMask = 2147483647;
			files = (
				E8F91B59293AF264003E23B5 /* FriendsView.swift in Sources */,
				E8F91B55293AF20D003E23B5 /* ItemDetailsView.swift in Sources */,
				E894FFB1293C75DD00095DD2 /* ListView.swift in Sources */,
				E8F91B49293AF173003E23B5 /* ContentView.swift in Sources */,
				E894FF9A293C165200095DD2 /* SignUpView.swift in Sources */,
				E894FFB3293C767C00095DD2 /* FloatingElementsView.swift in Sources */,
				E8FC8934293CB62400645630 /* GroupsView.swift in Sources */,
				E8F91B57293AF234003E23B5 /* LoginView.swift in Sources */,
				E894FF9C293C16FA00095DD2 /* ConfirmationView.swift in Sources */,
				E8F91B47293AF173003E23B5 /* GiftedApp.swift in Sources */,
				E87BE3E4293B5C2A007DC233 /* SessionManager.swift in Sources */,
				E894FF9E293C174500095DD2 /* PrettyModifierExtensions.swift in Sources */,
			);
			runOnlyForDeploymentPostprocessing = 0;
		};
/* End PBXSourcesBuildPhase section */

/* Begin XCBuildConfiguration section */
		E8F91B4F293AF177003E23B5 /* Debug */ = {
			isa = XCBuildConfiguration;
			buildSettings = {
				ALWAYS_SEARCH_USER_PATHS = NO;
				CLANG_ANALYZER_NONNULL = YES;
				CLANG_ANALYZER_NUMBER_OBJECT_CONVERSION = YES_AGGRESSIVE;
				CLANG_CXX_LANGUAGE_STANDARD = "gnu++20";
				CLANG_ENABLE_MODULES = YES;
				CLANG_ENABLE_OBJC_ARC = YES;
				CLANG_ENABLE_OBJC_WEAK = YES;
				CLANG_WARN_BLOCK_CAPTURE_AUTORELEASING = YES;
				CLANG_WARN_BOOL_CONVERSION = YES;
				CLANG_WARN_COMMA = YES;
				CLANG_WARN_CONSTANT_CONVERSION = YES;
				CLANG_WARN_DEPRECATED_OBJC_IMPLEMENTATIONS = YES;
				CLANG_WARN_DIRECT_OBJC_ISA_USAGE = YES_ERROR;
				CLANG_WARN_DOCUMENTATION_COMMENTS = YES;
				CLANG_WARN_EMPTY_BODY = YES;
				CLANG_WARN_ENUM_CONVERSION = YES;
				CLANG_WARN_INFINITE_RECURSION = YES;
				CLANG_WARN_INT_CONVERSION = YES;
				CLANG_WARN_NON_LITERAL_NULL_CONVERSION = YES;
				CLANG_WARN_OBJC_IMPLICIT_RETAIN_SELF = YES;
				CLANG_WARN_OBJC_LITERAL_CONVERSION = YES;
				CLANG_WARN_OBJC_ROOT_CLASS = YES_ERROR;
				CLANG_WARN_QUOTED_INCLUDE_IN_FRAMEWORK_HEADER = YES;
				CLANG_WARN_RANGE_LOOP_ANALYSIS = YES;
				CLANG_WARN_STRICT_PROTOTYPES = YES;
				CLANG_WARN_SUSPICIOUS_MOVE = YES;
				CLANG_WARN_UNGUARDED_AVAILABILITY = YES_AGGRESSIVE;
				CLANG_WARN_UNREACHABLE_CODE = YES;
				CLANG_WARN__DUPLICATE_METHOD_MATCH = YES;
				COPY_PHASE_STRIP = NO;
				DEBUG_INFORMATION_FORMAT = dwarf;
				ENABLE_STRICT_OBJC_MSGSEND = YES;
				ENABLE_TESTABILITY = YES;
				GCC_C_LANGUAGE_STANDARD = gnu11;
				GCC_DYNAMIC_NO_PIC = NO;
				GCC_NO_COMMON_BLOCKS = YES;
				GCC_OPTIMIZATION_LEVEL = 0;
				GCC_PREPROCESSOR_DEFINITIONS = (
					"DEBUG=1",
					"$(inherited)",
				);
				GCC_WARN_64_TO_32_BIT_CONVERSION = YES;
				GCC_WARN_ABOUT_RETURN_TYPE = YES_ERROR;
				GCC_WARN_UNDECLARED_SELECTOR = YES;
				GCC_WARN_UNINITIALIZED_AUTOS = YES_AGGRESSIVE;
				GCC_WARN_UNUSED_FUNCTION = YES;
				GCC_WARN_UNUSED_VARIABLE = YES;
				IPHONEOS_DEPLOYMENT_TARGET = 15.0;
				MTL_ENABLE_DEBUG_INFO = INCLUDE_SOURCE;
				MTL_FAST_MATH = YES;
				ONLY_ACTIVE_ARCH = YES;
				SDKROOT = iphoneos;
				SWIFT_ACTIVE_COMPILATION_CONDITIONS = DEBUG;
				SWIFT_OPTIMIZATION_LEVEL = "-Onone";
				SWIFT_VERSION = 5.0;
			};
			name = Debug;
		};
		E8F91B50293AF177003E23B5 /* Release */ = {
			isa = XCBuildConfiguration;
			buildSettings = {
				ALWAYS_SEARCH_USER_PATHS = NO;
				CLANG_ANALYZER_NONNULL = YES;
				CLANG_ANALYZER_NUMBER_OBJECT_CONVERSION = YES_AGGRESSIVE;
				CLANG_CXX_LANGUAGE_STANDARD = "gnu++20";
				CLANG_ENABLE_MODULES = YES;
				CLANG_ENABLE_OBJC_ARC = YES;
				CLANG_ENABLE_OBJC_WEAK = YES;
				CLANG_WARN_BLOCK_CAPTURE_AUTORELEASING = YES;
				CLANG_WARN_BOOL_CONVERSION = YES;
				CLANG_WARN_COMMA = YES;
				CLANG_WARN_CONSTANT_CONVERSION = YES;
				CLANG_WARN_DEPRECATED_OBJC_IMPLEMENTATIONS = YES;
				CLANG_WARN_DIRECT_OBJC_ISA_USAGE = YES_ERROR;
				CLANG_WARN_DOCUMENTATION_COMMENTS = YES;
				CLANG_WARN_EMPTY_BODY = YES;
				CLANG_WARN_ENUM_CONVERSION = YES;
				CLANG_WARN_INFINITE_RECURSION = YES;
				CLANG_WARN_INT_CONVERSION = YES;
				CLANG_WARN_NON_LITERAL_NULL_CONVERSION = YES;
				CLANG_WARN_OBJC_IMPLICIT_RETAIN_SELF = YES;
				CLANG_WARN_OBJC_LITERAL_CONVERSION = YES;
				CLANG_WARN_OBJC_ROOT_CLASS = YES_ERROR;
				CLANG_WARN_QUOTED_INCLUDE_IN_FRAMEWORK_HEADER = YES;
				CLANG_WARN_RANGE_LOOP_ANALYSIS = YES;
				CLANG_WARN_STRICT_PROTOTYPES = YES;
				CLANG_WARN_SUSPICIOUS_MOVE = YES;
				CLANG_WARN_UNGUARDED_AVAILABILITY = YES_AGGRESSIVE;
				CLANG_WARN_UNREACHABLE_CODE = YES;
				CLANG_WARN__DUPLICATE_METHOD_MATCH = YES;
				COPY_PHASE_STRIP = NO;
				DEBUG_INFORMATION_FORMAT = "dwarf-with-dsym";
				ENABLE_NS_ASSERTIONS = NO;
				ENABLE_STRICT_OBJC_MSGSEND = YES;
				GCC_C_LANGUAGE_STANDARD = gnu11;
				GCC_NO_COMMON_BLOCKS = YES;
				GCC_WARN_64_TO_32_BIT_CONVERSION = YES;
				GCC_WARN_ABOUT_RETURN_TYPE = YES_ERROR;
				GCC_WARN_UNDECLARED_SELECTOR = YES;
				GCC_WARN_UNINITIALIZED_AUTOS = YES_AGGRESSIVE;
				GCC_WARN_UNUSED_FUNCTION = YES;
				GCC_WARN_UNUSED_VARIABLE = YES;
				IPHONEOS_DEPLOYMENT_TARGET = 15.0;
				MTL_ENABLE_DEBUG_INFO = NO;
				MTL_FAST_MATH = YES;
				SDKROOT = iphoneos;
				SWIFT_COMPILATION_MODE = wholemodule;
				SWIFT_OPTIMIZATION_LEVEL = "-O";
				SWIFT_VERSION = 5.0;
				VALIDATE_PRODUCT = YES;
			};
			name = Release;
		};
		E8F91B52293AF177003E23B5 /* Debug */ = {
			isa = XCBuildConfiguration;
			buildSettings = {
				ASSETCATALOG_COMPILER_APPICON_NAME = AppIcon;
				ASSETCATALOG_COMPILER_GLOBAL_ACCENT_COLOR_NAME = AccentColor;
				CODE_SIGN_ENTITLEMENTS = Gifted/Gifted.entitlements;
				CODE_SIGN_STYLE = Automatic;
				CURRENT_PROJECT_VERSION = 1;
				DEVELOPMENT_ASSET_PATHS = "\"Gifted/Preview Content\"";
				DEVELOPMENT_TEAM = 3L8Q3U3WY3;
				ENABLE_PREVIEWS = YES;
				GENERATE_INFOPLIST_FILE = YES;
				INFOPLIST_FILE = Gifted/Info.plist;
				INFOPLIST_KEY_UIApplicationSceneManifest_Generation = YES;
				INFOPLIST_KEY_UIApplicationSupportsIndirectInputEvents = YES;
				INFOPLIST_KEY_UILaunchScreen_Generation = YES;
				INFOPLIST_KEY_UIRequiresFullScreen = YES;
				INFOPLIST_KEY_UISupportedInterfaceOrientations = "UIInterfaceOrientationPortrait UIInterfaceOrientationPortraitUpsideDown";
				LD_RUNPATH_SEARCH_PATHS = (
					"$(inherited)",
					"@executable_path/Frameworks",
				);
				MARKETING_VERSION = 1.0;
				PRODUCT_BUNDLE_IDENTIFIER = com.Hatchling.Gifted;
				PRODUCT_NAME = "$(TARGET_NAME)";
				SWIFT_EMIT_LOC_STRINGS = YES;
				SWIFT_VERSION = 5.0;
				TARGETED_DEVICE_FAMILY = "1,2";
			};
			name = Debug;
		};
		E8F91B53293AF177003E23B5 /* Release */ = {
			isa = XCBuildConfiguration;
			buildSettings = {
				ASSETCATALOG_COMPILER_APPICON_NAME = AppIcon;
				ASSETCATALOG_COMPILER_GLOBAL_ACCENT_COLOR_NAME = AccentColor;
				CODE_SIGN_ENTITLEMENTS = Gifted/Gifted.entitlements;
				CODE_SIGN_STYLE = Automatic;
				CURRENT_PROJECT_VERSION = 1;
				DEVELOPMENT_ASSET_PATHS = "\"Gifted/Preview Content\"";
				DEVELOPMENT_TEAM = 3L8Q3U3WY3;
				ENABLE_PREVIEWS = YES;
				GENERATE_INFOPLIST_FILE = YES;
				INFOPLIST_FILE = Gifted/Info.plist;
				INFOPLIST_KEY_UIApplicationSceneManifest_Generation = YES;
				INFOPLIST_KEY_UIApplicationSupportsIndirectInputEvents = YES;
				INFOPLIST_KEY_UILaunchScreen_Generation = YES;
				INFOPLIST_KEY_UIRequiresFullScreen = YES;
				INFOPLIST_KEY_UISupportedInterfaceOrientations = "UIInterfaceOrientationPortrait UIInterfaceOrientationPortraitUpsideDown";
				LD_RUNPATH_SEARCH_PATHS = (
					"$(inherited)",
					"@executable_path/Frameworks",
				);
				MARKETING_VERSION = 1.0;
				PRODUCT_BUNDLE_IDENTIFIER = com.Hatchling.Gifted;
				PRODUCT_NAME = "$(TARGET_NAME)";
				SWIFT_EMIT_LOC_STRINGS = YES;
				SWIFT_VERSION = 5.0;
				TARGETED_DEVICE_FAMILY = "1,2";
			};
			name = Release;
		};
/* End XCBuildConfiguration section */

/* Begin XCConfigurationList section */
		E8F91B3E293AF173003E23B5 /* Build configuration list for PBXProject "Gifted" */ = {
			isa = XCConfigurationList;
			buildConfigurations = (
				E8F91B4F293AF177003E23B5 /* Debug */,
				E8F91B50293AF177003E23B5 /* Release */,
			);
			defaultConfigurationIsVisible = 0;
			defaultConfigurationName = Release;
		};
		E8F91B51293AF177003E23B5 /* Build configuration list for PBXNativeTarget "Gifted" */ = {
			isa = XCConfigurationList;
			buildConfigurations = (
				E8F91B52293AF177003E23B5 /* Debug */,
				E8F91B53293AF177003E23B5 /* Release */,
			);
			defaultConfigurationIsVisible = 0;
			defaultConfigurationName = Release;
		};
/* End XCConfigurationList section */

/* Begin XCRemoteSwiftPackageReference section */
		E894FF9F293C1BA600095DD2 /* XCRemoteSwiftPackageReference "amplify-ios" */ = {
			isa = XCRemoteSwiftPackageReference;
			repositoryURL = "https://github.com/aws-amplify/amplify-ios";
			requirement = {
				kind = upToNextMajorVersion;
				minimumVersion = 1.0.0;
			};
		};
/* End XCRemoteSwiftPackageReference section */

/* Begin XCSwiftPackageProductDependency section */
		E894FFA0293C1BA700095DD2 /* AWSAPIPlugin */ = {
			isa = XCSwiftPackageProductDependency;
			package = E894FF9F293C1BA600095DD2 /* XCRemoteSwiftPackageReference "amplify-ios" */;
			productName = AWSAPIPlugin;
		};
		E894FFA2293C1BA700095DD2 /* AWSCognitoAuthPlugin */ = {
			isa = XCSwiftPackageProductDependency;
			package = E894FF9F293C1BA600095DD2 /* XCRemoteSwiftPackageReference "amplify-ios" */;
			productName = AWSCognitoAuthPlugin;
		};
		E894FFA4293C1BA700095DD2 /* AWSDataStorePlugin */ = {
			isa = XCSwiftPackageProductDependency;
			package = E894FF9F293C1BA600095DD2 /* XCRemoteSwiftPackageReference "amplify-ios" */;
			productName = AWSDataStorePlugin;
		};
		E894FFA6293C1BA700095DD2 /* AWSLocationGeoPlugin */ = {
			isa = XCSwiftPackageProductDependency;
			package = E894FF9F293C1BA600095DD2 /* XCRemoteSwiftPackageReference "amplify-ios" */;
			productName = AWSLocationGeoPlugin;
		};
		E894FFA8293C1BA700095DD2 /* AWSPinpointAnalyticsPlugin */ = {
			isa = XCSwiftPackageProductDependency;
			package = E894FF9F293C1BA600095DD2 /* XCRemoteSwiftPackageReference "amplify-ios" */;
			productName = AWSPinpointAnalyticsPlugin;
		};
		E894FFAA293C1BA700095DD2 /* AWSPluginsCore */ = {
			isa = XCSwiftPackageProductDependency;
			package = E894FF9F293C1BA600095DD2 /* XCRemoteSwiftPackageReference "amplify-ios" */;
			productName = AWSPluginsCore;
		};
		E894FFAC293C1BA700095DD2 /* AWSS3StoragePlugin */ = {
			isa = XCSwiftPackageProductDependency;
			package = E894FF9F293C1BA600095DD2 /* XCRemoteSwiftPackageReference "amplify-ios" */;
			productName = AWSS3StoragePlugin;
		};
		E894FFAE293C1BA700095DD2 /* Amplify */ = {
			isa = XCSwiftPackageProductDependency;
			package = E894FF9F293C1BA600095DD2 /* XCRemoteSwiftPackageReference "amplify-ios" */;
			productName = Amplify;
		};
/* End XCSwiftPackageProductDependency section */
	};
	rootObject = E8F91B3B293AF173003E23B5 /* Project object */;
}
